
Microsoft Visual Studio Solution File, Format Version 12.00
# Visual Studio Version 17
VisualStudioVersion = 17.0.31903.59
MinimumVisualStudioVersion = 10.0.40219.1
Project("{9A19103F-16F7-4668-BE54-9A1E7A4F7556}") = "MauiTesseractOcr", "MauiTesseractOcr\MauiTesseractOcr.csproj", "{FC396457-D49B-4F66-AD10-F5120921A856}"
EndProject
Project("{9A19103F-16F7-4668-BE54-9A1E7A4F7556}") = "TesseractOcrMauiTestApp", "TesseractOcrMauiTestApp\TesseractOcrMauiTestApp.csproj", "{2FE6B66B-DAAD-4778-9473-5128B8D9F6F0}"
EndProject
Global
	GlobalSection(SolutionConfigurationPlatforms) = preSolution
		Debug|Any CPU = Debug|Any CPU
		Release|Any CPU = Release|Any CPU
	EndGlobalSection
	GlobalSection(ProjectConfigurationPlatforms) = postSolution
		{FC396457-D49B-4F66-AD10-F5120921A856}.Debug|Any CPU.ActiveCfg = Debug|Any CPU
		{FC396457-D49B-4F66-AD10-F5120921A856}.Debug|Any CPU.Build.0 = Debug|Any CPU
		{FC396457-D49B-4F66-AD10-F5120921A856}.Release|Any CPU.ActiveCfg = Release|Any CPU
		{FC396457-D49B-4F66-AD10-F5120921A856}.Release|Any CPU.Build.0 = Release|Any CPU
		{2FE6B66B-DAAD-4778-9473-5128B8D9F6F0}.Debug|Any CPU.ActiveCfg = Debug|Any CPU
		{2FE6B66B-DAAD-4778-9473-5128B8D9F6F0}.Debug|Any CPU.Build.0 = Debug|Any CPU
		{2FE6B66B-DAAD-4778-9473-5128B8D9F6F0}.Debug|Any CPU.Deploy.0 = Debug|Any CPU
		{2FE6B66B-DAAD-4778-9473-5128B8D9F6F0}.Release|Any CPU.ActiveCfg = Release|Any CPU
		{2FE6B66B-DAAD-4778-9473-5128B8D9F6F0}.Release|Any CPU.Build.0 = Release|Any CPU
		{2FE6B66B-DAAD-4778-9473-5128B8D9F6F0}.Release|Any CPU.Deploy.0 = Release|Any CPU
	EndGlobalSection
	GlobalSection(SolutionProperties) = preSolution
		HideSolutionNode = FALSE
	EndGlobalSection
EndGlobal
