
Microsoft Visual Studio Solution File, Format Version 12.00
# Visual Studio Version 17
VisualStudioVersion = 17.5.33414.496
MinimumVisualStudioVersion = 10.0.40219.1
Project("{9A19103F-16F7-4668-BE54-9A1E7A4F7556}") = "MauiTesseractOcr", "TesseractOcrMAUILib\MauiTesseractOcr.csproj", "{241257FD-743C-4391-93E4-6D3E1BB18171}"
EndProject
Project("{9A19103F-16F7-4668-BE54-9A1E7A4F7556}") = "TesseractOcrMauiTestApp", "TesseractOcrMauiTestApp\TesseractOcrMauiTestApp.csproj", "{BA8C08AF-20F0-48F5-BEA9-FFBDD3556984}"
EndProject
Global
	GlobalSection(SolutionConfigurationPlatforms) = preSolution
		Debug|Any CPU = Debug|Any CPU
		Release|Any CPU = Release|Any CPU
	EndGlobalSection
	GlobalSection(ProjectConfigurationPlatforms) = postSolution
		{241257FD-743C-4391-93E4-6D3E1BB18171}.Debug|Any CPU.ActiveCfg = Debug|Any CPU
		{241257FD-743C-4391-93E4-6D3E1BB18171}.Debug|Any CPU.Build.0 = Debug|Any CPU
		{241257FD-743C-4391-93E4-6D3E1BB18171}.Release|Any CPU.ActiveCfg = Release|Any CPU
		{241257FD-743C-4391-93E4-6D3E1BB18171}.Release|Any CPU.Build.0 = Release|Any CPU
		{BA8C08AF-20F0-48F5-BEA9-FFBDD3556984}.Debug|Any CPU.ActiveCfg = Debug|Any CPU
		{BA8C08AF-20F0-48F5-BEA9-FFBDD3556984}.Debug|Any CPU.Build.0 = Debug|Any CPU
		{BA8C08AF-20F0-48F5-BEA9-FFBDD3556984}.Debug|Any CPU.Deploy.0 = Debug|Any CPU
		{BA8C08AF-20F0-48F5-BEA9-FFBDD3556984}.Release|Any CPU.ActiveCfg = Release|Any CPU
		{BA8C08AF-20F0-48F5-BEA9-FFBDD3556984}.Release|Any CPU.Build.0 = Release|Any CPU
		{BA8C08AF-20F0-48F5-BEA9-FFBDD3556984}.Release|Any CPU.Deploy.0 = Release|Any CPU
	EndGlobalSection
	GlobalSection(SolutionProperties) = preSolution
		HideSolutionNode = FALSE
	EndGlobalSection
	GlobalSection(ExtensibilityGlobals) = postSolution
		SolutionGuid = {A40C8B2F-9F88-47BF-8CB1-D4051CA8C737}
	EndGlobalSection
EndGlobal
