
Microsoft Visual Studio Solution File, Format Version 12.00
# Visual Studio Version 17
VisualStudioVersion = 17.0.31903.59
MinimumVisualStudioVersion = 10.0.40219.1
Project("{9A19103F-16F7-4668-BE54-9A1E7A4F7556}") = "TesseractOcrMaui", "TesseractOcrMAUI\TesseractOcrMaui.csproj", "{628B53BC-8FAC-4131-9CD2-D305AF466710}"
EndProject
Project("{9A19103F-16F7-4668-BE54-9A1E7A4F7556}") = "TesseractOcrMauiTestApp", "TesseractOcrMauiTestApp\TesseractOcrMauiTestApp.csproj", "{8EE9586D-E9BA-4FDB-819F-E1D13B80BF05}"
EndProject
Project("{2150E333-8FDC-42A3-9474-1A3956D46DE8}") = "Solution Items", "Solution Items", "{30563E8B-BE16-4EA3-BC54-7B638C023FBD}"
EndProject
Project("{FAE04EC0-301F-11D3-BF4B-00C04F79EFBC}") = "TesseractOcrMaui.IOS", "TesseractOcrMaui.IOS\TesseractOcrMaui.IOS.csproj", "{A71380A9-6FDC-4BFE-AA16-23215FBDE743}"
EndProject
Global
	GlobalSection(SolutionConfigurationPlatforms) = preSolution
		Debug|Any CPU = Debug|Any CPU
		Release|Any CPU = Release|Any CPU
	EndGlobalSection
	GlobalSection(ProjectConfigurationPlatforms) = postSolution
		{628B53BC-8FAC-4131-9CD2-D305AF466710}.Debug|Any CPU.ActiveCfg = Debug|Any CPU
		{628B53BC-8FAC-4131-9CD2-D305AF466710}.Debug|Any CPU.Build.0 = Debug|Any CPU
		{628B53BC-8FAC-4131-9CD2-D305AF466710}.Release|Any CPU.ActiveCfg = Release|Any CPU
		{628B53BC-8FAC-4131-9CD2-D305AF466710}.Release|Any CPU.Build.0 = Release|Any CPU
		{8EE9586D-E9BA-4FDB-819F-E1D13B80BF05}.Debug|Any CPU.ActiveCfg = Debug|Any CPU
		{8EE9586D-E9BA-4FDB-819F-E1D13B80BF05}.Debug|Any CPU.Build.0 = Debug|Any CPU
		{8EE9586D-E9BA-4FDB-819F-E1D13B80BF05}.Debug|Any CPU.Deploy.0 = Debug|Any CPU
		{8EE9586D-E9BA-4FDB-819F-E1D13B80BF05}.Release|Any CPU.ActiveCfg = Release|Any CPU
		{8EE9586D-E9BA-4FDB-819F-E1D13B80BF05}.Release|Any CPU.Build.0 = Release|Any CPU
		{8EE9586D-E9BA-4FDB-819F-E1D13B80BF05}.Release|Any CPU.Deploy.0 = Release|Any CPU
		{A71380A9-6FDC-4BFE-AA16-23215FBDE743}.Debug|Any CPU.ActiveCfg = Debug|Any CPU
		{A71380A9-6FDC-4BFE-AA16-23215FBDE743}.Debug|Any CPU.Build.0 = Debug|Any CPU
		{A71380A9-6FDC-4BFE-AA16-23215FBDE743}.Release|Any CPU.ActiveCfg = Release|Any CPU
		{A71380A9-6FDC-4BFE-AA16-23215FBDE743}.Release|Any CPU.Build.0 = Release|Any CPU
	EndGlobalSection
	GlobalSection(SolutionProperties) = preSolution
		HideSolutionNode = FALSE
	EndGlobalSection
	GlobalSection(ExtensibilityGlobals) = postSolution
		SolutionGuid = {48164EAB-E47E-4B6A-BF12-F77E59C9710D}
	EndGlobalSection
EndGlobal
